
Microsoft Visual Studio Solution File, Format Version 12.00
# Visual Studio Version 16
VisualStudioVersion = 16.0.32106.194
MinimumVisualStudioVersion = 10.0.40219.1
Project("{FAE04EC0-301F-11D3-BF4B-00C04F79EFBC}") = "Parseltongue", "Parseltongue\Parseltongue.csproj", "{29966656-8B4F-483D-B600-66A2A608B93F}"
EndProject
Global
	GlobalSection(SolutionConfigurationPlatforms) = preSolution
		Debug|Any CPU = Debug|Any CPU
		Release|Any CPU = Release|Any CPU
	EndGlobalSection
	GlobalSection(ProjectConfigurationPlatforms) = postSolution
		{29966656-8B4F-483D-B600-66A2A608B93F}.Debug|Any CPU.ActiveCfg = Debug|Any CPU
		{29966656-8B4F-483D-B600-66A2A608B93F}.Debug|Any CPU.Build.0 = Debug|Any CPU
		{29966656-8B4F-483D-B600-66A2A608B93F}.Release|Any CPU.ActiveCfg = Release|Any CPU
		{29966656-8B4F-483D-B600-66A2A608B93F}.Release|Any CPU.Build.0 = Release|Any CPU
	EndGlobalSection
	GlobalSection(SolutionProperties) = preSolution
		HideSolutionNode = FALSE
	EndGlobalSection
	GlobalSection(ExtensibilityGlobals) = postSolution
		SolutionGuid = {123280EF-198C-4E4E-833A-2CC92EA8F9DF}
	EndGlobalSection
EndGlobal
