
Microsoft Visual Studio Solution File, Format Version 12.00
# Visual Studio Version 16
VisualStudioVersion = 16.0.32002.261
MinimumVisualStudioVersion = 10.0.40219.1
Project("{FAE04EC0-301F-11D3-BF4B-00C04F79EFBC}") = "Human-Readable-Time", "Human-Readable-Time\Human-Readable-Time.csproj", "{D452F1DC-CA71-444C-9247-CAB0CC2F1289}"
EndProject
Global
	GlobalSection(SolutionConfigurationPlatforms) = preSolution
		Debug|Any CPU = Debug|Any CPU
		Release|Any CPU = Release|Any CPU
	EndGlobalSection
	GlobalSection(ProjectConfigurationPlatforms) = postSolution
		{D452F1DC-CA71-444C-9247-CAB0CC2F1289}.Debug|Any CPU.ActiveCfg = Debug|Any CPU
		{D452F1DC-CA71-444C-9247-CAB0CC2F1289}.Debug|Any CPU.Build.0 = Debug|Any CPU
		{D452F1DC-CA71-444C-9247-CAB0CC2F1289}.Release|Any CPU.ActiveCfg = Release|Any CPU
		{D452F1DC-CA71-444C-9247-CAB0CC2F1289}.Release|Any CPU.Build.0 = Release|Any CPU
	EndGlobalSection
	GlobalSection(SolutionProperties) = preSolution
		HideSolutionNode = FALSE
	EndGlobalSection
	GlobalSection(ExtensibilityGlobals) = postSolution
		SolutionGuid = {5AA30666-03CA-4C4F-885A-A6BC23E8420E}
	EndGlobalSection
EndGlobal
